// !$*UTF8*$!
{
	archiveVersion = 1;
	classes = {
	};
	objectVersion = 50;
	objects = {

/* Begin PBXBuildFile section */
		9C3E62A02684C60F004805FD /* UImage+Rotate.swift in Sources */ = {isa = PBXBuildFile; fileRef = 9C3E629F2684C60F004805FD /* UImage+Rotate.swift */; };
		9C3E62A22684CA73004805FD /* UIImageView+RoundedImage.swift in Sources */ = {isa = PBXBuildFile; fileRef = 9C3E62A12684CA73004805FD /* UIImageView+RoundedImage.swift */; };
		9C3E62A42684F565004805FD /* CellPlayerViewCell.xib in Resources */ = {isa = PBXBuildFile; fileRef = 9C3E62A32684F565004805FD /* CellPlayerViewCell.xib */; };
		9C3E62A62685E0FC004805FD /* GameViewController.swift in Sources */ = {isa = PBXBuildFile; fileRef = 9C3E62A52685E0FC004805FD /* GameViewController.swift */; };
		9C3E62A8268609CD004805FD /* Capacity.swift in Sources */ = {isa = PBXBuildFile; fileRef = 9C3E62A7268609CD004805FD /* Capacity.swift */; };
		9C3E62AA26862AA2004805FD /* ChallengesData.swift in Sources */ = {isa = PBXBuildFile; fileRef = 9C3E62A926862AA2004805FD /* ChallengesData.swift */; };
		9CA143582684829F006D0A45 /* PlayersTableViewCell.swift in Sources */ = {isa = PBXBuildFile; fileRef = 9CA143572684829F006D0A45 /* PlayersTableViewCell.swift */; };
		9CC1F41626820FFC00C20B63 /* AddPlayerViewController.swift in Sources */ = {isa = PBXBuildFile; fileRef = 9CC1F41426820FFC00C20B63 /* AddPlayerViewController.swift */; };
		9CCF0FD626796A2F009BD8EC /* AppDelegate.swift in Sources */ = {isa = PBXBuildFile; fileRef = 9CCF0FD526796A2F009BD8EC /* AppDelegate.swift */; };
		9CCF0FD826796A2F009BD8EC /* SceneDelegate.swift in Sources */ = {isa = PBXBuildFile; fileRef = 9CCF0FD726796A2F009BD8EC /* SceneDelegate.swift */; };
		9CCF0FDA26796A2F009BD8EC /* ViewController.swift in Sources */ = {isa = PBXBuildFile; fileRef = 9CCF0FD926796A2F009BD8EC /* ViewController.swift */; };
		9CCF0FDD26796A2F009BD8EC /* Main.storyboard in Resources */ = {isa = PBXBuildFile; fileRef = 9CCF0FDB26796A2F009BD8EC /* Main.storyboard */; };
		9CCF0FE026796A2F009BD8EC /* Dil.xcdatamodeld in Sources */ = {isa = PBXBuildFile; fileRef = 9CCF0FDE26796A2F009BD8EC /* Dil.xcdatamodeld */; };
		9CCF0FE226796A30009BD8EC /* Assets.xcassets in Resources */ = {isa = PBXBuildFile; fileRef = 9CCF0FE126796A30009BD8EC /* Assets.xcassets */; };
		9CCF0FE526796A30009BD8EC /* LaunchScreen.storyboard in Resources */ = {isa = PBXBuildFile; fileRef = 9CCF0FE326796A30009BD8EC /* LaunchScreen.storyboard */; };
		9CCF0FF026796A30009BD8EC /* DilTests.swift in Sources */ = {isa = PBXBuildFile; fileRef = 9CCF0FEF26796A30009BD8EC /* DilTests.swift */; };
		9CCF0FFB26796A30009BD8EC /* DilUITests.swift in Sources */ = {isa = PBXBuildFile; fileRef = 9CCF0FFA26796A30009BD8EC /* DilUITests.swift */; };
		9CCF100926796B27009BD8EC /* CoreDataStack.swift in Sources */ = {isa = PBXBuildFile; fileRef = 9CCF100826796B27009BD8EC /* CoreDataStack.swift */; };
		9CCF100B267971CF009BD8EC /* CoreDataManager.swift in Sources */ = {isa = PBXBuildFile; fileRef = 9CCF100A267971CF009BD8EC /* CoreDataManager.swift */; };
/* End PBXBuildFile section */

/* Begin PBXContainerItemProxy section */
		9CCF0FEC26796A30009BD8EC /* PBXContainerItemProxy */ = {
			isa = PBXContainerItemProxy;
			containerPortal = 9CCF0FCA26796A2F009BD8EC /* Project object */;
			proxyType = 1;
			remoteGlobalIDString = 9CCF0FD126796A2F009BD8EC;
			remoteInfo = Dil;
		};
		9CCF0FF726796A30009BD8EC /* PBXContainerItemProxy */ = {
			isa = PBXContainerItemProxy;
			containerPortal = 9CCF0FCA26796A2F009BD8EC /* Project object */;
			proxyType = 1;
			remoteGlobalIDString = 9CCF0FD126796A2F009BD8EC;
			remoteInfo = Dil;
		};
/* End PBXContainerItemProxy section */

/* Begin PBXFileReference section */
		9C3E629F2684C60F004805FD /* UImage+Rotate.swift */ = {isa = PBXFileReference; lastKnownFileType = sourcecode.swift; path = "UImage+Rotate.swift"; sourceTree = "<group>"; };
		9C3E62A12684CA73004805FD /* UIImageView+RoundedImage.swift */ = {isa = PBXFileReference; lastKnownFileType = sourcecode.swift; path = "UIImageView+RoundedImage.swift"; sourceTree = "<group>"; };
		9C3E62A32684F565004805FD /* CellPlayerViewCell.xib */ = {isa = PBXFileReference; fileEncoding = 4; lastKnownFileType = file.xib; path = CellPlayerViewCell.xib; sourceTree = "<group>"; };
		9C3E62A52685E0FC004805FD /* GameViewController.swift */ = {isa = PBXFileReference; lastKnownFileType = sourcecode.swift; path = GameViewController.swift; sourceTree = "<group>"; };
		9C3E62A7268609CD004805FD /* Capacity.swift */ = {isa = PBXFileReference; lastKnownFileType = sourcecode.swift; path = Capacity.swift; sourceTree = "<group>"; };
		9C3E62A926862AA2004805FD /* ChallengesData.swift */ = {isa = PBXFileReference; lastKnownFileType = sourcecode.swift; path = ChallengesData.swift; sourceTree = "<group>"; };
		9CA143572684829F006D0A45 /* PlayersTableViewCell.swift */ = {isa = PBXFileReference; lastKnownFileType = sourcecode.swift; path = PlayersTableViewCell.swift; sourceTree = "<group>"; };
		9CC1F41426820FFC00C20B63 /* AddPlayerViewController.swift */ = {isa = PBXFileReference; lastKnownFileType = sourcecode.swift; path = AddPlayerViewController.swift; sourceTree = "<group>"; };
		9CCF0FD226796A2F009BD8EC /* Dil.app */ = {isa = PBXFileReference; explicitFileType = wrapper.application; includeInIndex = 0; path = Dil.app; sourceTree = BUILT_PRODUCTS_DIR; };
		9CCF0FD526796A2F009BD8EC /* AppDelegate.swift */ = {isa = PBXFileReference; lastKnownFileType = sourcecode.swift; path = AppDelegate.swift; sourceTree = "<group>"; };
		9CCF0FD726796A2F009BD8EC /* SceneDelegate.swift */ = {isa = PBXFileReference; lastKnownFileType = sourcecode.swift; path = SceneDelegate.swift; sourceTree = "<group>"; };
		9CCF0FD926796A2F009BD8EC /* ViewController.swift */ = {isa = PBXFileReference; lastKnownFileType = sourcecode.swift; path = ViewController.swift; sourceTree = "<group>"; };
		9CCF0FDC26796A2F009BD8EC /* Base */ = {isa = PBXFileReference; lastKnownFileType = file.storyboard; name = Base; path = Base.lproj/Main.storyboard; sourceTree = "<group>"; };
		9CCF0FDF26796A2F009BD8EC /* Dil.xcdatamodel */ = {isa = PBXFileReference; lastKnownFileType = wrapper.xcdatamodel; path = Dil.xcdatamodel; sourceTree = "<group>"; };
		9CCF0FE126796A30009BD8EC /* Assets.xcassets */ = {isa = PBXFileReference; lastKnownFileType = folder.assetcatalog; path = Assets.xcassets; sourceTree = "<group>"; };
		9CCF0FE426796A30009BD8EC /* Base */ = {isa = PBXFileReference; lastKnownFileType = file.storyboard; name = Base; path = Base.lproj/LaunchScreen.storyboard; sourceTree = "<group>"; };
		9CCF0FE626796A30009BD8EC /* Info.plist */ = {isa = PBXFileReference; lastKnownFileType = text.plist.xml; path = Info.plist; sourceTree = "<group>"; };
		9CCF0FEB26796A30009BD8EC /* DilTests.xctest */ = {isa = PBXFileReference; explicitFileType = wrapper.cfbundle; includeInIndex = 0; path = DilTests.xctest; sourceTree = BUILT_PRODUCTS_DIR; };
		9CCF0FEF26796A30009BD8EC /* DilTests.swift */ = {isa = PBXFileReference; lastKnownFileType = sourcecode.swift; path = DilTests.swift; sourceTree = "<group>"; };
		9CCF0FF126796A30009BD8EC /* Info.plist */ = {isa = PBXFileReference; lastKnownFileType = text.plist.xml; path = Info.plist; sourceTree = "<group>"; };
		9CCF0FF626796A30009BD8EC /* DilUITests.xctest */ = {isa = PBXFileReference; explicitFileType = wrapper.cfbundle; includeInIndex = 0; path = DilUITests.xctest; sourceTree = BUILT_PRODUCTS_DIR; };
		9CCF0FFA26796A30009BD8EC /* DilUITests.swift */ = {isa = PBXFileReference; lastKnownFileType = sourcecode.swift; path = DilUITests.swift; sourceTree = "<group>"; };
		9CCF0FFC26796A30009BD8EC /* Info.plist */ = {isa = PBXFileReference; lastKnownFileType = text.plist.xml; path = Info.plist; sourceTree = "<group>"; };
		9CCF100826796B27009BD8EC /* CoreDataStack.swift */ = {isa = PBXFileReference; lastKnownFileType = sourcecode.swift; path = CoreDataStack.swift; sourceTree = "<group>"; };
		9CCF100A267971CF009BD8EC /* CoreDataManager.swift */ = {isa = PBXFileReference; lastKnownFileType = sourcecode.swift; path = CoreDataManager.swift; sourceTree = "<group>"; };
/* End PBXFileReference section */

/* Begin PBXFrameworksBuildPhase section */
		9CCF0FCF26796A2F009BD8EC /* Frameworks */ = {
			isa = PBXFrameworksBuildPhase;
			buildActionMask = 2147483647;
			files = (
			);
			runOnlyForDeploymentPostprocessing = 0;
		};
		9CCF0FE826796A30009BD8EC /* Frameworks */ = {
			isa = PBXFrameworksBuildPhase;
			buildActionMask = 2147483647;
			files = (
			);
			runOnlyForDeploymentPostprocessing = 0;
		};
		9CCF0FF326796A30009BD8EC /* Frameworks */ = {
			isa = PBXFrameworksBuildPhase;
			buildActionMask = 2147483647;
			files = (
			);
			runOnlyForDeploymentPostprocessing = 0;
		};
/* End PBXFrameworksBuildPhase section */

/* Begin PBXGroup section */
		9C3E629E2684C5E5004805FD /* Extension */ = {
			isa = PBXGroup;
			children = (
				9C3E629F2684C60F004805FD /* UImage+Rotate.swift */,
				9C3E62A12684CA73004805FD /* UIImageView+RoundedImage.swift */,
			);
			path = Extension;
			sourceTree = "<group>";
		};
		9CCF0FC926796A2F009BD8EC = {
			isa = PBXGroup;
			children = (
				9CCF0FD426796A2F009BD8EC /* Dil */,
				9CCF0FEE26796A30009BD8EC /* DilTests */,
				9CCF0FF926796A30009BD8EC /* DilUITests */,
				9CCF0FD326796A2F009BD8EC /* Products */,
			);
			sourceTree = "<group>";
		};
		9CCF0FD326796A2F009BD8EC /* Products */ = {
			isa = PBXGroup;
			children = (
				9CCF0FD226796A2F009BD8EC /* Dil.app */,
				9CCF0FEB26796A30009BD8EC /* DilTests.xctest */,
				9CCF0FF626796A30009BD8EC /* DilUITests.xctest */,
			);
			name = Products;
			sourceTree = "<group>";
		};
		9CCF0FD426796A2F009BD8EC /* Dil */ = {
			isa = PBXGroup;
			children = (
				9C3E629E2684C5E5004805FD /* Extension */,
				9CCF100C26797217009BD8EC /* Model */,
				9CCF100E2679725B009BD8EC /* View */,
				9CCF100F26797272009BD8EC /* Controller */,
				9CCF100D26797248009BD8EC /* Supporting files */,
			);
			path = Dil;
			sourceTree = "<group>";
		};
		9CCF0FEE26796A30009BD8EC /* DilTests */ = {
			isa = PBXGroup;
			children = (
				9CCF0FEF26796A30009BD8EC /* DilTests.swift */,
				9CCF0FF126796A30009BD8EC /* Info.plist */,
			);
			path = DilTests;
			sourceTree = "<group>";
		};
		9CCF0FF926796A30009BD8EC /* DilUITests */ = {
			isa = PBXGroup;
			children = (
				9CCF0FFA26796A30009BD8EC /* DilUITests.swift */,
				9CCF0FFC26796A30009BD8EC /* Info.plist */,
			);
			path = DilUITests;
			sourceTree = "<group>";
		};
		9CCF100C26797217009BD8EC /* Model */ = {
			isa = PBXGroup;
			children = (
				9CCF0FDE26796A2F009BD8EC /* Dil.xcdatamodeld */,
				9CCF100A267971CF009BD8EC /* CoreDataManager.swift */,
				9CCF100826796B27009BD8EC /* CoreDataStack.swift */,
				9C3E62A7268609CD004805FD /* Capacity.swift */,
				9C3E62A926862AA2004805FD /* ChallengesData.swift */,
			);
			path = Model;
			sourceTree = "<group>";
		};
		9CCF100D26797248009BD8EC /* Supporting files */ = {
			isa = PBXGroup;
			children = (
				9CCF0FE326796A30009BD8EC /* LaunchScreen.storyboard */,
				9CCF0FD526796A2F009BD8EC /* AppDelegate.swift */,
				9CCF0FD726796A2F009BD8EC /* SceneDelegate.swift */,
				9CCF0FE126796A30009BD8EC /* Assets.xcassets */,
				9CCF0FE626796A30009BD8EC /* Info.plist */,
			);
			path = "Supporting files";
			sourceTree = "<group>";
		};
		9CCF100E2679725B009BD8EC /* View */ = {
			isa = PBXGroup;
			children = (
				9CCF0FDB26796A2F009BD8EC /* Main.storyboard */,
				9C3E62A32684F565004805FD /* CellPlayerViewCell.xib */,
			);
			path = View;
			sourceTree = "<group>";
		};
		9CCF100F26797272009BD8EC /* Controller */ = {
			isa = PBXGroup;
			children = (
				9CCF0FD926796A2F009BD8EC /* ViewController.swift */,
				9CC1F41426820FFC00C20B63 /* AddPlayerViewController.swift */,
				9CA143572684829F006D0A45 /* PlayersTableViewCell.swift */,
				9C3E62A52685E0FC004805FD /* GameViewController.swift */,
			);
			path = Controller;
			sourceTree = "<group>";
		};
/* End PBXGroup section */

/* Begin PBXNativeTarget section */
		9CCF0FD126796A2F009BD8EC /* Dil */ = {
			isa = PBXNativeTarget;
			buildConfigurationList = 9CCF0FFF26796A30009BD8EC /* Build configuration list for PBXNativeTarget "Dil" */;
			buildPhases = (
				9CCF0FCE26796A2F009BD8EC /* Sources */,
				9CCF0FCF26796A2F009BD8EC /* Frameworks */,
				9CCF0FD026796A2F009BD8EC /* Resources */,
			);
			buildRules = (
			);
			dependencies = (
			);
			name = Dil;
			packageProductDependencies = (
			);
			productName = Dil;
			productReference = 9CCF0FD226796A2F009BD8EC /* Dil.app */;
			productType = "com.apple.product-type.application";
		};
		9CCF0FEA26796A30009BD8EC /* DilTests */ = {
			isa = PBXNativeTarget;
			buildConfigurationList = 9CCF100226796A30009BD8EC /* Build configuration list for PBXNativeTarget "DilTests" */;
			buildPhases = (
				9CCF0FE726796A30009BD8EC /* Sources */,
				9CCF0FE826796A30009BD8EC /* Frameworks */,
				9CCF0FE926796A30009BD8EC /* Resources */,
			);
			buildRules = (
			);
			dependencies = (
				9CCF0FED26796A30009BD8EC /* PBXTargetDependency */,
			);
			name = DilTests;
			productName = DilTests;
			productReference = 9CCF0FEB26796A30009BD8EC /* DilTests.xctest */;
			productType = "com.apple.product-type.bundle.unit-test";
		};
		9CCF0FF526796A30009BD8EC /* DilUITests */ = {
			isa = PBXNativeTarget;
			buildConfigurationList = 9CCF100526796A30009BD8EC /* Build configuration list for PBXNativeTarget "DilUITests" */;
			buildPhases = (
				9CCF0FF226796A30009BD8EC /* Sources */,
				9CCF0FF326796A30009BD8EC /* Frameworks */,
				9CCF0FF426796A30009BD8EC /* Resources */,
			);
			buildRules = (
			);
			dependencies = (
				9CCF0FF826796A30009BD8EC /* PBXTargetDependency */,
			);
			name = DilUITests;
			productName = DilUITests;
			productReference = 9CCF0FF626796A30009BD8EC /* DilUITests.xctest */;
			productType = "com.apple.product-type.bundle.ui-testing";
		};
/* End PBXNativeTarget section */

/* Begin PBXProject section */
		9CCF0FCA26796A2F009BD8EC /* Project object */ = {
			isa = PBXProject;
			attributes = {
				LastSwiftUpdateCheck = 1250;
				LastUpgradeCheck = 1250;
				TargetAttributes = {
					9CCF0FD126796A2F009BD8EC = {
						CreatedOnToolsVersion = 12.5;
					};
					9CCF0FEA26796A30009BD8EC = {
						CreatedOnToolsVersion = 12.5;
						TestTargetID = 9CCF0FD126796A2F009BD8EC;
					};
					9CCF0FF526796A30009BD8EC = {
						CreatedOnToolsVersion = 12.5;
						TestTargetID = 9CCF0FD126796A2F009BD8EC;
					};
				};
			};
			buildConfigurationList = 9CCF0FCD26796A2F009BD8EC /* Build configuration list for PBXProject "Dil" */;
			compatibilityVersion = "Xcode 9.3";
			developmentRegion = en;
			hasScannedForEncodings = 0;
			knownRegions = (
				en,
				Base,
			);
			mainGroup = 9CCF0FC926796A2F009BD8EC;
			packageReferences = (
			);
			productRefGroup = 9CCF0FD326796A2F009BD8EC /* Products */;
			projectDirPath = "";
			projectRoot = "";
			targets = (
				9CCF0FD126796A2F009BD8EC /* Dil */,
				9CCF0FEA26796A30009BD8EC /* DilTests */,
				9CCF0FF526796A30009BD8EC /* DilUITests */,
			);
		};
/* End PBXProject section */

/* Begin PBXResourcesBuildPhase section */
		9CCF0FD026796A2F009BD8EC /* Resources */ = {
			isa = PBXResourcesBuildPhase;
			buildActionMask = 2147483647;
			files = (
				9CCF0FE526796A30009BD8EC /* LaunchScreen.storyboard in Resources */,
				9CCF0FE226796A30009BD8EC /* Assets.xcassets in Resources */,
				9CCF0FDD26796A2F009BD8EC /* Main.storyboard in Resources */,
				9C3E62A42684F565004805FD /* CellPlayerViewCell.xib in Resources */,
			);
			runOnlyForDeploymentPostprocessing = 0;
		};
		9CCF0FE926796A30009BD8EC /* Resources */ = {
			isa = PBXResourcesBuildPhase;
			buildActionMask = 2147483647;
			files = (
			);
			runOnlyForDeploymentPostprocessing = 0;
		};
		9CCF0FF426796A30009BD8EC /* Resources */ = {
			isa = PBXResourcesBuildPhase;
			buildActionMask = 2147483647;
			files = (
			);
			runOnlyForDeploymentPostprocessing = 0;
		};
/* End PBXResourcesBuildPhase section */

/* Begin PBXSourcesBuildPhase section */
		9CCF0FCE26796A2F009BD8EC /* Sources */ = {
			isa = PBXSourcesBuildPhase;
			buildActionMask = 2147483647;
			files = (
				9C3E62A22684CA73004805FD /* UIImageView+RoundedImage.swift in Sources */,
				9CA143582684829F006D0A45 /* PlayersTableViewCell.swift in Sources */,
				9CCF100B267971CF009BD8EC /* CoreDataManager.swift in Sources */,
				9C3E62A8268609CD004805FD /* Capacity.swift in Sources */,
				9CC1F41626820FFC00C20B63 /* AddPlayerViewController.swift in Sources */,
				9CCF100926796B27009BD8EC /* CoreDataStack.swift in Sources */,
				9CCF0FDA26796A2F009BD8EC /* ViewController.swift in Sources */,
				9CCF0FE026796A2F009BD8EC /* Dil.xcdatamodeld in Sources */,
				9C3E62A02684C60F004805FD /* UImage+Rotate.swift in Sources */,
				9CCF0FD626796A2F009BD8EC /* AppDelegate.swift in Sources */,
				9C3E62AA26862AA2004805FD /* ChallengesData.swift in Sources */,
				9C3E62A62685E0FC004805FD /* GameViewController.swift in Sources */,
				9CCF0FD826796A2F009BD8EC /* SceneDelegate.swift in Sources */,
			);
			runOnlyForDeploymentPostprocessing = 0;
		};
		9CCF0FE726796A30009BD8EC /* Sources */ = {
			isa = PBXSourcesBuildPhase;
			buildActionMask = 2147483647;
			files = (
				9CCF0FF026796A30009BD8EC /* DilTests.swift in Sources */,
			);
			runOnlyForDeploymentPostprocessing = 0;
		};
		9CCF0FF226796A30009BD8EC /* Sources */ = {
			isa = PBXSourcesBuildPhase;
			buildActionMask = 2147483647;
			files = (
				9CCF0FFB26796A30009BD8EC /* DilUITests.swift in Sources */,
			);
			runOnlyForDeploymentPostprocessing = 0;
		};
/* End PBXSourcesBuildPhase section */

/* Begin PBXTargetDependency section */
		9CCF0FED26796A30009BD8EC /* PBXTargetDependency */ = {
			isa = PBXTargetDependency;
			target = 9CCF0FD126796A2F009BD8EC /* Dil */;
			targetProxy = 9CCF0FEC26796A30009BD8EC /* PBXContainerItemProxy */;
		};
		9CCF0FF826796A30009BD8EC /* PBXTargetDependency */ = {
			isa = PBXTargetDependency;
			target = 9CCF0FD126796A2F009BD8EC /* Dil */;
			targetProxy = 9CCF0FF726796A30009BD8EC /* PBXContainerItemProxy */;
		};
/* End PBXTargetDependency section */

/* Begin PBXVariantGroup section */
		9CCF0FDB26796A2F009BD8EC /* Main.storyboard */ = {
			isa = PBXVariantGroup;
			children = (
				9CCF0FDC26796A2F009BD8EC /* Base */,
			);
			name = Main.storyboard;
			sourceTree = "<group>";
		};
		9CCF0FE326796A30009BD8EC /* LaunchScreen.storyboard */ = {
			isa = PBXVariantGroup;
			children = (
				9CCF0FE426796A30009BD8EC /* Base */,
			);
			name = LaunchScreen.storyboard;
			sourceTree = "<group>";
		};
/* End PBXVariantGroup section */

/* Begin XCBuildConfiguration section */
		9CCF0FFD26796A30009BD8EC /* Debug */ = {
			isa = XCBuildConfiguration;
			buildSettings = {
				ALWAYS_SEARCH_USER_PATHS = NO;
				CLANG_ANALYZER_NONNULL = YES;
				CLANG_ANALYZER_NUMBER_OBJECT_CONVERSION = YES_AGGRESSIVE;
				CLANG_CXX_LANGUAGE_STANDARD = "gnu++14";
				CLANG_CXX_LIBRARY = "libc++";
				CLANG_ENABLE_MODULES = YES;
				CLANG_ENABLE_OBJC_ARC = YES;
				CLANG_ENABLE_OBJC_WEAK = YES;
				CLANG_WARN_BLOCK_CAPTURE_AUTORELEASING = YES;
				CLANG_WARN_BOOL_CONVERSION = YES;
				CLANG_WARN_COMMA = YES;
				CLANG_WARN_CONSTANT_CONVERSION = YES;
				CLANG_WARN_DEPRECATED_OBJC_IMPLEMENTATIONS = YES;
				CLANG_WARN_DIRECT_OBJC_ISA_USAGE = YES_ERROR;
				CLANG_WARN_DOCUMENTATION_COMMENTS = YES;
				CLANG_WARN_EMPTY_BODY = YES;
				CLANG_WARN_ENUM_CONVERSION = YES;
				CLANG_WARN_INFINITE_RECURSION = YES;
				CLANG_WARN_INT_CONVERSION = YES;
				CLANG_WARN_NON_LITERAL_NULL_CONVERSION = YES;
				CLANG_WARN_OBJC_IMPLICIT_RETAIN_SELF = YES;
				CLANG_WARN_OBJC_LITERAL_CONVERSION = YES;
				CLANG_WARN_OBJC_ROOT_CLASS = YES_ERROR;
				CLANG_WARN_QUOTED_INCLUDE_IN_FRAMEWORK_HEADER = YES;
				CLANG_WARN_RANGE_LOOP_ANALYSIS = YES;
				CLANG_WARN_STRICT_PROTOTYPES = YES;
				CLANG_WARN_SUSPICIOUS_MOVE = YES;
				CLANG_WARN_UNGUARDED_AVAILABILITY = YES_AGGRESSIVE;
				CLANG_WARN_UNREACHABLE_CODE = YES;
				CLANG_WARN__DUPLICATE_METHOD_MATCH = YES;
				COPY_PHASE_STRIP = NO;
				DEBUG_INFORMATION_FORMAT = dwarf;
				ENABLE_STRICT_OBJC_MSGSEND = YES;
				ENABLE_TESTABILITY = YES;
				GCC_C_LANGUAGE_STANDARD = gnu11;
				GCC_DYNAMIC_NO_PIC = NO;
				GCC_NO_COMMON_BLOCKS = YES;
				GCC_OPTIMIZATION_LEVEL = 0;
				GCC_PREPROCESSOR_DEFINITIONS = (
					"DEBUG=1",
					"$(inherited)",
				);
				GCC_WARN_64_TO_32_BIT_CONVERSION = YES;
				GCC_WARN_ABOUT_RETURN_TYPE = YES_ERROR;
				GCC_WARN_UNDECLARED_SELECTOR = YES;
				GCC_WARN_UNINITIALIZED_AUTOS = YES_AGGRESSIVE;
				GCC_WARN_UNUSED_FUNCTION = YES;
				GCC_WARN_UNUSED_VARIABLE = YES;
				IPHONEOS_DEPLOYMENT_TARGET = 15.0;
				MTL_ENABLE_DEBUG_INFO = INCLUDE_SOURCE;
				MTL_FAST_MATH = YES;
				ONLY_ACTIVE_ARCH = YES;
				SDKROOT = iphoneos;
				SWIFT_ACTIVE_COMPILATION_CONDITIONS = DEBUG;
				SWIFT_OPTIMIZATION_LEVEL = "-Onone";
			};
			name = Debug;
		};
		9CCF0FFE26796A30009BD8EC /* Release */ = {
			isa = XCBuildConfiguration;
			buildSettings = {
				ALWAYS_SEARCH_USER_PATHS = NO;
				CLANG_ANALYZER_NONNULL = YES;
				CLANG_ANALYZER_NUMBER_OBJECT_CONVERSION = YES_AGGRESSIVE;
				CLANG_CXX_LANGUAGE_STANDARD = "gnu++14";
				CLANG_CXX_LIBRARY = "libc++";
				CLANG_ENABLE_MODULES = YES;
				CLANG_ENABLE_OBJC_ARC = YES;
				CLANG_ENABLE_OBJC_WEAK = YES;
				CLANG_WARN_BLOCK_CAPTURE_AUTORELEASING = YES;
				CLANG_WARN_BOOL_CONVERSION = YES;
				CLANG_WARN_COMMA = YES;
				CLANG_WARN_CONSTANT_CONVERSION = YES;
				CLANG_WARN_DEPRECATED_OBJC_IMPLEMENTATIONS = YES;
				CLANG_WARN_DIRECT_OBJC_ISA_USAGE = YES_ERROR;
				CLANG_WARN_DOCUMENTATION_COMMENTS = YES;
				CLANG_WARN_EMPTY_BODY = YES;
				CLANG_WARN_ENUM_CONVERSION = YES;
				CLANG_WARN_INFINITE_RECURSION = YES;
				CLANG_WARN_INT_CONVERSION = YES;
				CLANG_WARN_NON_LITERAL_NULL_CONVERSION = YES;
				CLANG_WARN_OBJC_IMPLICIT_RETAIN_SELF = YES;
				CLANG_WARN_OBJC_LITERAL_CONVERSION = YES;
				CLANG_WARN_OBJC_ROOT_CLASS = YES_ERROR;
				CLANG_WARN_QUOTED_INCLUDE_IN_FRAMEWORK_HEADER = YES;
				CLANG_WARN_RANGE_LOOP_ANALYSIS = YES;
				CLANG_WARN_STRICT_PROTOTYPES = YES;
				CLANG_WARN_SUSPICIOUS_MOVE = YES;
				CLANG_WARN_UNGUARDED_AVAILABILITY = YES_AGGRESSIVE;
				CLANG_WARN_UNREACHABLE_CODE = YES;
				CLANG_WARN__DUPLICATE_METHOD_MATCH = YES;
				COPY_PHASE_STRIP = NO;
				DEBUG_INFORMATION_FORMAT = "dwarf-with-dsym";
				ENABLE_NS_ASSERTIONS = NO;
				ENABLE_STRICT_OBJC_MSGSEND = YES;
				GCC_C_LANGUAGE_STANDARD = gnu11;
				GCC_NO_COMMON_BLOCKS = YES;
				GCC_WARN_64_TO_32_BIT_CONVERSION = YES;
				GCC_WARN_ABOUT_RETURN_TYPE = YES_ERROR;
				GCC_WARN_UNDECLARED_SELECTOR = YES;
				GCC_WARN_UNINITIALIZED_AUTOS = YES_AGGRESSIVE;
				GCC_WARN_UNUSED_FUNCTION = YES;
				GCC_WARN_UNUSED_VARIABLE = YES;
				IPHONEOS_DEPLOYMENT_TARGET = 15.0;
				MTL_ENABLE_DEBUG_INFO = NO;
				MTL_FAST_MATH = YES;
				SDKROOT = iphoneos;
				SWIFT_COMPILATION_MODE = wholemodule;
				SWIFT_OPTIMIZATION_LEVEL = "-O";
				VALIDATE_PRODUCT = YES;
			};
			name = Release;
		};
		9CCF100026796A30009BD8EC /* Debug */ = {
			isa = XCBuildConfiguration;
			buildSettings = {
				ASSETCATALOG_COMPILER_APPICON_NAME = AppIcon;
				ASSETCATALOG_COMPILER_GLOBAL_ACCENT_COLOR_NAME = AccentColor;
				CODE_SIGN_STYLE = Automatic;
				DEVELOPMENT_TEAM = 2JZJR57TRU;
				INFOPLIST_FILE = "$(SRCROOT)/Dil/Supporting files/Info.plist";
				LD_RUNPATH_SEARCH_PATHS = (
					"$(inherited)",
					"@executable_path/Frameworks",
				);
				PRODUCT_BUNDLE_IDENTIFIER = com.max.obj.Dil;
				PRODUCT_NAME = "$(TARGET_NAME)";
				SWIFT_VERSION = 5.0;
				TARGETED_DEVICE_FAMILY = "1,2";
			};
			name = Debug;
		};
		9CCF100126796A30009BD8EC /* Release */ = {
			isa = XCBuildConfiguration;
			buildSettings = {
				ASSETCATALOG_COMPILER_APPICON_NAME = AppIcon;
				ASSETCATALOG_COMPILER_GLOBAL_ACCENT_COLOR_NAME = AccentColor;
				CODE_SIGN_STYLE = Automatic;
				DEVELOPMENT_TEAM = 2JZJR57TRU;
				INFOPLIST_FILE = "$(SRCROOT)/Dil/Supporting files/Info.plist";
				LD_RUNPATH_SEARCH_PATHS = (
					"$(inherited)",
					"@executable_path/Frameworks",
				);
				PRODUCT_BUNDLE_IDENTIFIER = com.max.obj.Dil;
				PRODUCT_NAME = "$(TARGET_NAME)";
				SWIFT_VERSION = 5.0;
				TARGETED_DEVICE_FAMILY = "1,2";
			};
			name = Release;
		};
		9CCF100326796A30009BD8EC /* Debug */ = {
			isa = XCBuildConfiguration;
			buildSettings = {
				ALWAYS_EMBED_SWIFT_STANDARD_LIBRARIES = YES;
				BUNDLE_LOADER = "$(TEST_HOST)";
				CODE_SIGN_STYLE = Automatic;
				DEVELOPMENT_TEAM = 2JZJR57TRU;
				INFOPLIST_FILE = DilTests/Info.plist;
				IPHONEOS_DEPLOYMENT_TARGET = 14.5;
				LD_RUNPATH_SEARCH_PATHS = (
					"$(inherited)",
					"@executable_path/Frameworks",
					"@loader_path/Frameworks",
				);
				PRODUCT_BUNDLE_IDENTIFIER = com.max.obj.DilTests;
				PRODUCT_NAME = "$(TARGET_NAME)";
				SWIFT_VERSION = 5.0;
				TARGETED_DEVICE_FAMILY = "1,2";
				TEST_HOST = "$(BUILT_PRODUCTS_DIR)/Dil.app/Dil";
			};
			name = Debug;
		};
		9CCF100426796A30009BD8EC /* Release */ = {
			isa = XCBuildConfiguration;
			buildSettings = {
				ALWAYS_EMBED_SWIFT_STANDARD_LIBRARIES = YES;
				BUNDLE_LOADER = "$(TEST_HOST)";
				CODE_SIGN_STYLE = Automatic;
				DEVELOPMENT_TEAM = 2JZJR57TRU;
				INFOPLIST_FILE = DilTests/Info.plist;
				IPHONEOS_DEPLOYMENT_TARGET = 14.5;
				LD_RUNPATH_SEARCH_PATHS = (
					"$(inherited)",
					"@executable_path/Frameworks",
					"@loader_path/Frameworks",
				);
				PRODUCT_BUNDLE_IDENTIFIER = com.max.obj.DilTests;
				PRODUCT_NAME = "$(TARGET_NAME)";
				SWIFT_VERSION = 5.0;
				TARGETED_DEVICE_FAMILY = "1,2";
				TEST_HOST = "$(BUILT_PRODUCTS_DIR)/Dil.app/Dil";
			};
			name = Release;
		};
		9CCF100626796A30009BD8EC /* Debug */ = {
			isa = XCBuildConfiguration;
			buildSettings = {
				ALWAYS_EMBED_SWIFT_STANDARD_LIBRARIES = YES;
				CODE_SIGN_STYLE = Automatic;
				DEVELOPMENT_TEAM = 2JZJR57TRU;
				INFOPLIST_FILE = DilUITests/Info.plist;
				LD_RUNPATH_SEARCH_PATHS = (
					"$(inherited)",
					"@executable_path/Frameworks",
					"@loader_path/Frameworks",
				);
				PRODUCT_BUNDLE_IDENTIFIER = com.max.obj.DilUITests;
				PRODUCT_NAME = "$(TARGET_NAME)";
				SWIFT_VERSION = 5.0;
				TARGETED_DEVICE_FAMILY = "1,2";
				TEST_TARGET_NAME = Dil;
			};
			name = Debug;
		};
		9CCF100726796A30009BD8EC /* Release */ = {
			isa = XCBuildConfiguration;
			buildSettings = {
				ALWAYS_EMBED_SWIFT_STANDARD_LIBRARIES = YES;
				CODE_SIGN_STYLE = Automatic;
				DEVELOPMENT_TEAM = 2JZJR57TRU;
				INFOPLIST_FILE = DilUITests/Info.plist;
				LD_RUNPATH_SEARCH_PATHS = (
					"$(inherited)",
					"@executable_path/Frameworks",
					"@loader_path/Frameworks",
				);
				PRODUCT_BUNDLE_IDENTIFIER = com.max.obj.DilUITests;
				PRODUCT_NAME = "$(TARGET_NAME)";
				SWIFT_VERSION = 5.0;
				TARGETED_DEVICE_FAMILY = "1,2";
				TEST_TARGET_NAME = Dil;
			};
			name = Release;
		};
/* End XCBuildConfiguration section */

/* Begin XCConfigurationList section */
		9CCF0FCD26796A2F009BD8EC /* Build configuration list for PBXProject "Dil" */ = {
			isa = XCConfigurationList;
			buildConfigurations = (
				9CCF0FFD26796A30009BD8EC /* Debug */,
				9CCF0FFE26796A30009BD8EC /* Release */,
			);
			defaultConfigurationIsVisible = 0;
			defaultConfigurationName = Release;
		};
		9CCF0FFF26796A30009BD8EC /* Build configuration list for PBXNativeTarget "Dil" */ = {
			isa = XCConfigurationList;
			buildConfigurations = (
				9CCF100026796A30009BD8EC /* Debug */,
				9CCF100126796A30009BD8EC /* Release */,
			);
			defaultConfigurationIsVisible = 0;
			defaultConfigurationName = Release;
		};
		9CCF100226796A30009BD8EC /* Build configuration list for PBXNativeTarget "DilTests" */ = {
			isa = XCConfigurationList;
			buildConfigurations = (
				9CCF100326796A30009BD8EC /* Debug */,
				9CCF100426796A30009BD8EC /* Release */,
			);
			defaultConfigurationIsVisible = 0;
			defaultConfigurationName = Release;
		};
		9CCF100526796A30009BD8EC /* Build configuration list for PBXNativeTarget "DilUITests" */ = {
			isa = XCConfigurationList;
			buildConfigurations = (
				9CCF100626796A30009BD8EC /* Debug */,
				9CCF100726796A30009BD8EC /* Release */,
			);
			defaultConfigurationIsVisible = 0;
			defaultConfigurationName = Release;
		};
/* End XCConfigurationList section */

/* Begin XCVersionGroup section */
		9CCF0FDE26796A2F009BD8EC /* Dil.xcdatamodeld */ = {
			isa = XCVersionGroup;
			children = (
				9CCF0FDF26796A2F009BD8EC /* Dil.xcdatamodel */,
			);
			currentVersion = 9CCF0FDF26796A2F009BD8EC /* Dil.xcdatamodel */;
			path = Dil.xcdatamodeld;
			sourceTree = "<group>";
			versionGroupType = wrapper.xcdatamodel;
		};
/* End XCVersionGroup section */
	};
	rootObject = 9CCF0FCA26796A2F009BD8EC /* Project object */;
}
